
Microsoft Visual Studio Solution File, Format Version 11.00
# Visual Studio 2010
Project("{FAE04EC0-301F-11D3-BF4B-00C04F79EFBC}") = "PaySchoolEasyV2", "PaySchoolEasyV2\PaySchoolEasyV2.csproj", "{7B95AD41-E5D4-439E-AE3F-E7942669C5C9}"
EndProject
Project("{FAE04EC0-301F-11D3-BF4B-00C04F79EFBC}") = "BussinesObjects", "BussinesObjects\BussinesObjects.csproj", "{9B6901D3-2F2F-4FE9-98C1-B8D561E574D8}"
EndProject
Project("{FAE04EC0-301F-11D3-BF4B-00C04F79EFBC}") = "DataAccessObjects", "DataAccessObjects\DataAccessObjects.csproj", "{4D5B4398-5096-45AB-8D61-EC70EB2D3937}"
EndProject
Global
	GlobalSection(SolutionConfigurationPlatforms) = preSolution
		Debug|Any CPU = Debug|Any CPU
		Release|Any CPU = Release|Any CPU
	EndGlobalSection
	GlobalSection(ProjectConfigurationPlatforms) = postSolution
		{7B95AD41-E5D4-439E-AE3F-E7942669C5C9}.Debug|Any CPU.ActiveCfg = Debug|Any CPU
		{7B95AD41-E5D4-439E-AE3F-E7942669C5C9}.Debug|Any CPU.Build.0 = Debug|Any CPU
		{7B95AD41-E5D4-439E-AE3F-E7942669C5C9}.Release|Any CPU.ActiveCfg = Release|Any CPU
		{7B95AD41-E5D4-439E-AE3F-E7942669C5C9}.Release|Any CPU.Build.0 = Release|Any CPU
		{9B6901D3-2F2F-4FE9-98C1-B8D561E574D8}.Debug|Any CPU.ActiveCfg = Debug|Any CPU
		{9B6901D3-2F2F-4FE9-98C1-B8D561E574D8}.Debug|Any CPU.Build.0 = Debug|Any CPU
		{9B6901D3-2F2F-4FE9-98C1-B8D561E574D8}.Release|Any CPU.ActiveCfg = Release|Any CPU
		{9B6901D3-2F2F-4FE9-98C1-B8D561E574D8}.Release|Any CPU.Build.0 = Release|Any CPU
		{4D5B4398-5096-45AB-8D61-EC70EB2D3937}.Debug|Any CPU.ActiveCfg = Debug|Any CPU
		{4D5B4398-5096-45AB-8D61-EC70EB2D3937}.Debug|Any CPU.Build.0 = Debug|Any CPU
		{4D5B4398-5096-45AB-8D61-EC70EB2D3937}.Release|Any CPU.ActiveCfg = Release|Any CPU
		{4D5B4398-5096-45AB-8D61-EC70EB2D3937}.Release|Any CPU.Build.0 = Release|Any CPU
	EndGlobalSection
	GlobalSection(SolutionProperties) = preSolution
		HideSolutionNode = FALSE
	EndGlobalSection
EndGlobal
