
Microsoft Visual Studio Solution File, Format Version 11.00
# Visual Studio 2010
Project("{FAE04EC0-301F-11D3-BF4B-00C04F79EFBC}") = "PaySchoolEasyV2", "PaySchoolEasyV2\PaySchoolEasyV2.csproj", "{7B95AD41-E5D4-439E-AE3F-E7942669C5C9}"
EndProject
Project("{FAE04EC0-301F-11D3-BF4B-00C04F79EFBC}") = "BussinesObjects", "BussinesObjects\BussinesObjects.csproj", "{93C0F1B0-BF20-4C5C-9B58-34C7D483AF00}"
EndProject
Project("{FAE04EC0-301F-11D3-BF4B-00C04F79EFBC}") = "ControlObjects", "ControlObjects\ControlObjects.csproj", "{EFDD663A-1E6B-418E-8BD4-3568A4768C1C}"
EndProject
Global
	GlobalSection(SolutionConfigurationPlatforms) = preSolution
		Debug|Any CPU = Debug|Any CPU
		Release|Any CPU = Release|Any CPU
	EndGlobalSection
	GlobalSection(ProjectConfigurationPlatforms) = postSolution
		{7B95AD41-E5D4-439E-AE3F-E7942669C5C9}.Debug|Any CPU.ActiveCfg = Debug|Any CPU
		{7B95AD41-E5D4-439E-AE3F-E7942669C5C9}.Debug|Any CPU.Build.0 = Debug|Any CPU
		{7B95AD41-E5D4-439E-AE3F-E7942669C5C9}.Release|Any CPU.ActiveCfg = Release|Any CPU
		{7B95AD41-E5D4-439E-AE3F-E7942669C5C9}.Release|Any CPU.Build.0 = Release|Any CPU
		{93C0F1B0-BF20-4C5C-9B58-34C7D483AF00}.Debug|Any CPU.ActiveCfg = Debug|Any CPU
		{93C0F1B0-BF20-4C5C-9B58-34C7D483AF00}.Debug|Any CPU.Build.0 = Debug|Any CPU
		{93C0F1B0-BF20-4C5C-9B58-34C7D483AF00}.Release|Any CPU.ActiveCfg = Release|Any CPU
		{93C0F1B0-BF20-4C5C-9B58-34C7D483AF00}.Release|Any CPU.Build.0 = Release|Any CPU
		{EFDD663A-1E6B-418E-8BD4-3568A4768C1C}.Debug|Any CPU.ActiveCfg = Debug|Any CPU
		{EFDD663A-1E6B-418E-8BD4-3568A4768C1C}.Debug|Any CPU.Build.0 = Debug|Any CPU
		{EFDD663A-1E6B-418E-8BD4-3568A4768C1C}.Release|Any CPU.ActiveCfg = Release|Any CPU
		{EFDD663A-1E6B-418E-8BD4-3568A4768C1C}.Release|Any CPU.Build.0 = Release|Any CPU
	EndGlobalSection
	GlobalSection(SolutionProperties) = preSolution
		HideSolutionNode = FALSE
	EndGlobalSection
EndGlobal
